// !$*UTF8*$!
{
	archiveVersion = 1;
	classes = {
	};
	objectVersion = 51;
	objects = {

/* Begin PBXBuildFile section */
		5214863C260ECCC8005210E2 /* NewsOpener.c in Sources */ = {isa = PBXBuildFile; fileRef = 5214863B260ECCC8005210E2 /* NewsOpener.c */; };
		522DB9C4227CCB540013DFF5 /* JJMainMenu.m in Sources */ = {isa = PBXBuildFile; fileRef = 522DB9C3227CCB540013DFF5 /* JJMainMenu.m */; };
		5232475D227CB982004010F5 /* Assets.xcassets in Resources */ = {isa = PBXBuildFile; fileRef = 52324756227CB982004010F5 /* Assets.xcassets */; };
		5232475F227CB982004010F5 /* main.m in Sources */ = {isa = PBXBuildFile; fileRef = 5232475B227CB982004010F5 /* main.m */; };
		52324760227CB982004010F5 /* JJApplicationDelegate.m in Sources */ = {isa = PBXBuildFile; fileRef = 5232475C227CB982004010F5 /* JJApplicationDelegate.m */; };
		52699C04227D2878006F536D /* LICENSE.txt in Resources */ = {isa = PBXBuildFile; fileRef = 52699C03227D2878006F536D /* LICENSE.txt */; };
		527FDD52260EB4FF00B1C9FD /* NewsOpener in CopyFiles */ = {isa = PBXBuildFile; fileRef = 527FDD47260EB10200B1C9FD /* NewsOpener */; };
		52989F99227DD2F2006A4E38 /* JJMainWindow.m in Sources */ = {isa = PBXBuildFile; fileRef = 52989F98227DD2F2006A4E38 /* JJMainWindow.m */; };
		52CECB54227D26DD00E69FB4 /* JJLicenseWindow.m in Sources */ = {isa = PBXBuildFile; fileRef = 52CECB53227D26DD00E69FB4 /* JJLicenseWindow.m */; };
/* End PBXBuildFile section */

/* Begin PBXContainerItemProxy section */
		527FDD4F260EB4E200B1C9FD /* PBXContainerItemProxy */ = {
			isa = PBXContainerItemProxy;
			containerPortal = 52E05A9B227CB87C008791E2 /* Project object */;
			proxyType = 1;
			remoteGlobalIDString = 527FDD46260EB10200B1C9FD;
			remoteInfo = NewsOpener;
		};
/* End PBXContainerItemProxy section */

/* Begin PBXCopyFilesBuildPhase section */
		527FDD51260EB4EB00B1C9FD /* CopyFiles */ = {
			isa = PBXCopyFilesBuildPhase;
			buildActionMask = 2147483647;
			dstPath = "";
			dstSubfolderSpec = 6;
			files = (
				527FDD52260EB4FF00B1C9FD /* NewsOpener in CopyFiles */,
			);
			runOnlyForDeploymentPostprocessing = 0;
		};
/* End PBXCopyFilesBuildPhase section */

/* Begin PBXFileReference section */
		5214863B260ECCC8005210E2 /* NewsOpener.c */ = {isa = PBXFileReference; fileEncoding = 4; lastKnownFileType = sourcecode.c.c; path = NewsOpener.c; sourceTree = "<group>"; };
		522DB9C2227CCB540013DFF5 /* JJMainMenu.h */ = {isa = PBXFileReference; fileEncoding = 4; lastKnownFileType = sourcecode.c.h; path = JJMainMenu.h; sourceTree = "<group>"; };
		522DB9C3227CCB540013DFF5 /* JJMainMenu.m */ = {isa = PBXFileReference; fileEncoding = 4; lastKnownFileType = sourcecode.c.objc; path = JJMainMenu.m; sourceTree = "<group>"; };
		52324756227CB982004010F5 /* Assets.xcassets */ = {isa = PBXFileReference; lastKnownFileType = folder.assetcatalog; path = Assets.xcassets; sourceTree = "<group>"; };
		52324757227CB982004010F5 /* StopTheNews.entitlements */ = {isa = PBXFileReference; fileEncoding = 4; lastKnownFileType = text.plist.entitlements; path = StopTheNews.entitlements; sourceTree = "<group>"; };
		52324758227CB982004010F5 /* Info.plist */ = {isa = PBXFileReference; fileEncoding = 4; lastKnownFileType = text.plist.xml; path = Info.plist; sourceTree = "<group>"; };
		5232475A227CB982004010F5 /* JJApplicationDelegate.h */ = {isa = PBXFileReference; fileEncoding = 4; lastKnownFileType = sourcecode.c.h; path = JJApplicationDelegate.h; sourceTree = "<group>"; };
		5232475B227CB982004010F5 /* main.m */ = {isa = PBXFileReference; fileEncoding = 4; lastKnownFileType = sourcecode.c.objc; path = main.m; sourceTree = "<group>"; };
		5232475C227CB982004010F5 /* JJApplicationDelegate.m */ = {isa = PBXFileReference; fileEncoding = 4; lastKnownFileType = sourcecode.c.objc; path = JJApplicationDelegate.m; sourceTree = "<group>"; };
		52324761227CBAE9004010F5 /* Release.xcconfig */ = {isa = PBXFileReference; lastKnownFileType = text.xcconfig; path = Release.xcconfig; sourceTree = "<group>"; };
		52324762227CBAE9004010F5 /* Shared.xcconfig */ = {isa = PBXFileReference; lastKnownFileType = text.xcconfig; path = Shared.xcconfig; sourceTree = "<group>"; };
		52324763227CBAE9004010F5 /* Debug.xcconfig */ = {isa = PBXFileReference; lastKnownFileType = text.xcconfig; path = Debug.xcconfig; sourceTree = "<group>"; };
		52545808227DE38C00B9863A /* README.md */ = {isa = PBXFileReference; lastKnownFileType = net.daringfireball.markdown; path = README.md; sourceTree = "<group>"; };
		52699C03227D2878006F536D /* LICENSE.txt */ = {isa = PBXFileReference; fileEncoding = 4; lastKnownFileType = text; path = LICENSE.txt; sourceTree = "<group>"; };
		527FDD47260EB10200B1C9FD /* NewsOpener */ = {isa = PBXFileReference; explicitFileType = "compiled.mach-o.executable"; includeInIndex = 0; path = NewsOpener; sourceTree = BUILT_PRODUCTS_DIR; };
		52989F97227DD2F2006A4E38 /* JJMainWindow.h */ = {isa = PBXFileReference; lastKnownFileType = sourcecode.c.h; path = JJMainWindow.h; sourceTree = "<group>"; };
		52989F98227DD2F2006A4E38 /* JJMainWindow.m */ = {isa = PBXFileReference; lastKnownFileType = sourcecode.c.objc; path = JJMainWindow.m; sourceTree = "<group>"; };
		52CECB52227D26DD00E69FB4 /* JJLicenseWindow.h */ = {isa = PBXFileReference; lastKnownFileType = sourcecode.c.h; path = JJLicenseWindow.h; sourceTree = "<group>"; };
		52CECB53227D26DD00E69FB4 /* JJLicenseWindow.m */ = {isa = PBXFileReference; lastKnownFileType = sourcecode.c.objc; path = JJLicenseWindow.m; sourceTree = "<group>"; };
		52E05AA3227CB87C008791E2 /* StopTheNews.app */ = {isa = PBXFileReference; explicitFileType = wrapper.application; includeInIndex = 0; path = StopTheNews.app; sourceTree = BUILT_PRODUCTS_DIR; };
/* End PBXFileReference section */

/* Begin PBXGroup section */
		52324755227CB982004010F5 /* nonsource */ = {
			isa = PBXGroup;
			children = (
				52324756227CB982004010F5 /* Assets.xcassets */,
				52324758227CB982004010F5 /* Info.plist */,
				52324757227CB982004010F5 /* StopTheNews.entitlements */,
			);
			path = nonsource;
			sourceTree = SOURCE_ROOT;
		};
		52324759227CB982004010F5 /* source */ = {
			isa = PBXGroup;
			children = (
				5214863B260ECCC8005210E2 /* NewsOpener.c */,
				5232475A227CB982004010F5 /* JJApplicationDelegate.h */,
				5232475C227CB982004010F5 /* JJApplicationDelegate.m */,
				52CECB52227D26DD00E69FB4 /* JJLicenseWindow.h */,
				52CECB53227D26DD00E69FB4 /* JJLicenseWindow.m */,
				522DB9C2227CCB540013DFF5 /* JJMainMenu.h */,
				522DB9C3227CCB540013DFF5 /* JJMainMenu.m */,
				52989F97227DD2F2006A4E38 /* JJMainWindow.h */,
				52989F98227DD2F2006A4E38 /* JJMainWindow.m */,
				5232475B227CB982004010F5 /* main.m */,
			);
			path = source;
			sourceTree = SOURCE_ROOT;
		};
		52E05A9A227CB87C008791E2 = {
			isa = PBXGroup;
			children = (
				52545808227DE38C00B9863A /* README.md */,
				52699C03227D2878006F536D /* LICENSE.txt */,
				52324763227CBAE9004010F5 /* Debug.xcconfig */,
				52324761227CBAE9004010F5 /* Release.xcconfig */,
				52324762227CBAE9004010F5 /* Shared.xcconfig */,
				52324755227CB982004010F5 /* nonsource */,
				52324759227CB982004010F5 /* source */,
				52E05AA4227CB87C008791E2 /* Products */,
			);
			sourceTree = "<group>";
		};
		52E05AA4227CB87C008791E2 /* Products */ = {
			isa = PBXGroup;
			children = (
				52E05AA3227CB87C008791E2 /* StopTheNews.app */,
				527FDD47260EB10200B1C9FD /* NewsOpener */,
			);
			name = Products;
			sourceTree = "<group>";
		};
/* End PBXGroup section */

/* Begin PBXNativeTarget section */
		527FDD46260EB10200B1C9FD /* NewsOpener */ = {
			isa = PBXNativeTarget;
			buildConfigurationList = 527FDD4B260EB10200B1C9FD /* Build configuration list for PBXNativeTarget "NewsOpener" */;
			buildPhases = (
				527FDD43260EB10200B1C9FD /* Sources */,
			);
			buildRules = (
			);
			dependencies = (
			);
			name = NewsOpener;
			productName = NewsOpener;
			productReference = 527FDD47260EB10200B1C9FD /* NewsOpener */;
			productType = "com.apple.product-type.tool";
		};
		52E05AA2227CB87C008791E2 /* StopTheNews */ = {
			isa = PBXNativeTarget;
			buildConfigurationList = 52E05AB4227CB87D008791E2 /* Build configuration list for PBXNativeTarget "StopTheNews" */;
			buildPhases = (
				52E05A9F227CB87C008791E2 /* Sources */,
				52E05AA1227CB87C008791E2 /* Resources */,
				527FDD51260EB4EB00B1C9FD /* CopyFiles */,
			);
			buildRules = (
			);
			dependencies = (
				527FDD50260EB4E200B1C9FD /* PBXTargetDependency */,
			);
			name = StopTheNews;
			productName = StopTheNews;
			productReference = 52E05AA3227CB87C008791E2 /* StopTheNews.app */;
			productType = "com.apple.product-type.application";
		};
/* End PBXNativeTarget section */

/* Begin PBXProject section */
		52E05A9B227CB87C008791E2 /* Project object */ = {
			isa = PBXProject;
			attributes = {
				LastUpgradeCheck = 9999;
				ORGANIZATIONNAME = "Jeff Johnson";
				TargetAttributes = {
					527FDD46260EB10200B1C9FD = {
						CreatedOnToolsVersion = 11.3.1;
					};
					52E05AA2227CB87C008791E2 = {
						CreatedOnToolsVersion = 10.1;
					};
				};
			};
			buildConfigurationList = 52E05A9E227CB87C008791E2 /* Build configuration list for PBXProject "StopTheNews" */;
			compatibilityVersion = "Xcode 10.0";
			developmentRegion = en;
			hasScannedForEncodings = 0;
			knownRegions = (
				en,
				Base,
			);
			mainGroup = 52E05A9A227CB87C008791E2;
			productRefGroup = 52E05AA4227CB87C008791E2 /* Products */;
			projectDirPath = "";
			projectRoot = "";
			targets = (
				52E05AA2227CB87C008791E2 /* StopTheNews */,
				527FDD46260EB10200B1C9FD /* NewsOpener */,
			);
		};
/* End PBXProject section */

/* Begin PBXResourcesBuildPhase section */
		52E05AA1227CB87C008791E2 /* Resources */ = {
			isa = PBXResourcesBuildPhase;
			buildActionMask = 2147483647;
			files = (
				52699C04227D2878006F536D /* LICENSE.txt in Resources */,
				5232475D227CB982004010F5 /* Assets.xcassets in Resources */,
			);
			runOnlyForDeploymentPostprocessing = 0;
		};
/* End PBXResourcesBuildPhase section */

/* Begin PBXSourcesBuildPhase section */
		527FDD43260EB10200B1C9FD /* Sources */ = {
			isa = PBXSourcesBuildPhase;
			buildActionMask = 2147483647;
			files = (
				5214863C260ECCC8005210E2 /* NewsOpener.c in Sources */,
			);
			runOnlyForDeploymentPostprocessing = 0;
		};
		52E05A9F227CB87C008791E2 /* Sources */ = {
			isa = PBXSourcesBuildPhase;
			buildActionMask = 2147483647;
			files = (
				52324760227CB982004010F5 /* JJApplicationDelegate.m in Sources */,
				52CECB54227D26DD00E69FB4 /* JJLicenseWindow.m in Sources */,
				52989F99227DD2F2006A4E38 /* JJMainWindow.m in Sources */,
				522DB9C4227CCB540013DFF5 /* JJMainMenu.m in Sources */,
				5232475F227CB982004010F5 /* main.m in Sources */,
			);
			runOnlyForDeploymentPostprocessing = 0;
		};
/* End PBXSourcesBuildPhase section */

/* Begin PBXTargetDependency section */
		527FDD50260EB4E200B1C9FD /* PBXTargetDependency */ = {
			isa = PBXTargetDependency;
			target = 527FDD46260EB10200B1C9FD /* NewsOpener */;
			targetProxy = 527FDD4F260EB4E200B1C9FD /* PBXContainerItemProxy */;
		};
/* End PBXTargetDependency section */

/* Begin XCBuildConfiguration section */
		527FDD4C260EB10200B1C9FD /* Debug */ = {
			isa = XCBuildConfiguration;
			baseConfigurationReference = 52324763227CBAE9004010F5 /* Debug.xcconfig */;
			buildSettings = {
				PRODUCT_NAME = "$(TARGET_NAME)";
				SKIP_INSTALL = YES;
			};
			name = Debug;
		};
		527FDD4D260EB10200B1C9FD /* Release */ = {
			isa = XCBuildConfiguration;
			baseConfigurationReference = 52324761227CBAE9004010F5 /* Release.xcconfig */;
			buildSettings = {
				PRODUCT_NAME = "$(TARGET_NAME)";
				SKIP_INSTALL = YES;
			};
			name = Release;
		};
		52E05AB2227CB87D008791E2 /* Debug */ = {
			isa = XCBuildConfiguration;
			baseConfigurationReference = 52324762227CBAE9004010F5 /* Shared.xcconfig */;
			buildSettings = {
			};
			name = Debug;
		};
		52E05AB3227CB87D008791E2 /* Release */ = {
			isa = XCBuildConfiguration;
			baseConfigurationReference = 52324762227CBAE9004010F5 /* Shared.xcconfig */;
			buildSettings = {
			};
			name = Release;
		};
		52E05AB5227CB87D008791E2 /* Debug */ = {
			isa = XCBuildConfiguration;
			baseConfigurationReference = 52324763227CBAE9004010F5 /* Debug.xcconfig */;
			buildSettings = {
				PRODUCT_NAME = StopTheNews;
			};
			name = Debug;
		};
		52E05AB6227CB87D008791E2 /* Release */ = {
			isa = XCBuildConfiguration;
			baseConfigurationReference = 52324761227CBAE9004010F5 /* Release.xcconfig */;
			buildSettings = {
				PRODUCT_NAME = StopTheNews;
			};
			name = Release;
		};
/* End XCBuildConfiguration section */

/* Begin XCConfigurationList section */
		527FDD4B260EB10200B1C9FD /* Build configuration list for PBXNativeTarget "NewsOpener" */ = {
			isa = XCConfigurationList;
			buildConfigurations = (
				527FDD4C260EB10200B1C9FD /* Debug */,
				527FDD4D260EB10200B1C9FD /* Release */,
			);
			defaultConfigurationIsVisible = 0;
			defaultConfigurationName = Release;
		};
		52E05A9E227CB87C008791E2 /* Build configuration list for PBXProject "StopTheNews" */ = {
			isa = XCConfigurationList;
			buildConfigurations = (
				52E05AB2227CB87D008791E2 /* Debug */,
				52E05AB3227CB87D008791E2 /* Release */,
			);
			defaultConfigurationIsVisible = 0;
			defaultConfigurationName = Release;
		};
		52E05AB4227CB87D008791E2 /* Build configuration list for PBXNativeTarget "StopTheNews" */ = {
			isa = XCConfigurationList;
			buildConfigurations = (
				52E05AB5227CB87D008791E2 /* Debug */,
				52E05AB6227CB87D008791E2 /* Release */,
			);
			defaultConfigurationIsVisible = 0;
			defaultConfigurationName = Release;
		};
/* End XCConfigurationList section */
	};
	rootObject = 52E05A9B227CB87C008791E2 /* Project object */;
}
